{
  "version": 4,
  "terraform_version": "1.11.4",
  "serial": 13,
  "lineage": "8ef5c4ac-5c10-174f-0965-98c4681f81fe",
  "outputs": {},
  "resources": [
    {
      "mode": "managed",
      "type": "cloudflare_dns_record",
      "name": "cname_stabuilding",
      "provider": "provider[\"registry.terraform.io/cloudflare/cloudflare\"]",
      "instances": [
        {
          "schema_version": 0,
          "attributes": {
            "comment": null,
            "comment_modified_on": null,
            "content": "46.10.240.219",
            "created_on": "2025-05-08T20:57:35Z",
            "data": null,
            "id": "79aa7a48cbc524e628d2adef86f501fe",
            "meta": "{}",
            "modified_on": "2025-05-08T20:57:35Z",
            "name": "www.stabuilding.com",
            "priority": null,
            "proxiable": true,
            "proxied": false,
            "settings": {
              "flatten_cname": null,
              "ipv4_only": null,
              "ipv6_only": null
            },
            "tags": [],
            "tags_modified_on": null,
            "ttl": 600,
            "type": "A",
            "zone_id": "096c78ef63a7b9517afe04d3beb7f8d1"
          },
          "sensitive_attributes": [],
          "dependencies": [
            "cloudflare_zone.stabuilding_com"
          ]
        }
      ]
    },
    {
      "mode": "managed",
      "type": "cloudflare_dns_record",
      "name": "stabuilding",
      "provider": "provider[\"registry.terraform.io/cloudflare/cloudflare\"]",
      "instances": [
        {
          "schema_version": 0,
          "attributes": {
            "comment": "main record",
            "comment_modified_on": "2025-05-08T20:55:33Z",
            "content": "46.10.240.219",
            "created_on": "2025-05-08T20:55:33Z",
            "data": null,
            "id": "b98a959ad30a00352c4d190f690f7dc2",
            "meta": "{}",
            "modified_on": "2025-05-08T20:55:33Z",
            "name": "stabuilding.com",
            "priority": null,
            "proxiable": true,
            "proxied": false,
            "settings": {
              "flatten_cname": null,
              "ipv4_only": null,
              "ipv6_only": null
            },
            "tags": [],
            "tags_modified_on": null,
            "ttl": 600,
            "type": "A",
            "zone_id": "096c78ef63a7b9517afe04d3beb7f8d1"
          },
          "sensitive_attributes": [],
          "dependencies": [
            "cloudflare_zone.stabuilding_com"
          ]
        }
      ]
    },
    {
      "mode": "managed",
      "type": "cloudflare_zone",
      "name": "stabuilding_com",
      "provider": "provider[\"registry.terraform.io/cloudflare/cloudflare\"]",
      "instances": [
        {
          "schema_version": 0,
          "attributes": {
            "account": {
              "id": "45ab53bf5ed4dfc7e2ff23829aea1c69"
            },
            "activated_on": "2024-05-25T17:52:11Z",
            "created_on": "2024-05-25T16:44:45Z",
            "development_mode": 0,
            "id": "096c78ef63a7b9517afe04d3beb7f8d1",
            "meta": {
              "cdn_only": null,
              "custom_certificate_quota": 0,
              "dns_only": null,
              "foundation_dns": null,
              "page_rule_quota": 3,
              "phishing_detected": false,
              "step": 2
            },
            "modified_on": "2024-05-25T17:52:11Z",
            "name": "stabuilding.com",
            "name_servers": [
              "jerome.ns.cloudflare.com",
              "ziggy.ns.cloudflare.com"
            ],
            "original_dnshost": null,
            "original_name_servers": null,
            "original_registrar": null,
            "owner": {
              "id": null,
              "name": null,
              "type": "user"
            },
            "paused": false,
            "status": "active",
            "type": "full",
            "vanity_name_servers": null,
            "verification_key": null
          },
          "sensitive_attributes": []
        }
      ]
    }
  ],
  "check_results": null
}
