{
  "version": 4,
  "terraform_version": "1.15.7",
  "serial": 103,
  "lineage": "236f8d91-c826-cbcf-4a49-cf0ec6f7e796",
  "outputs": {},
  "resources": [
    {
      "mode": "managed",
      "type": "cloudflare_dns_record",
      "name": "a_ipv4",
      "provider": "provider[\"registry.terraform.io/cloudflare/cloudflare\"]",
      "instances": [
        {
          "index_key": "ipv4",
          "schema_version": 0,
          "attributes": {
            "comment": null,
            "comment_modified_on": null,
            "content": "75.2.60.5",
            "created_on": "2026-07-15T12:57:48Z",
            "data": null,
            "id": "05b28748ac63e6b6977c62c7f8626499",
            "meta": "{}",
            "modified_on": "2026-07-17T20:18:42Z",
            "name": "ipv4",
            "priority": null,
            "proxiable": true,
            "proxied": false,
            "settings": {
              "flatten_cname": null,
              "ipv4_only": null,
              "ipv6_only": null
            },
            "tags": [],
            "tags_modified_on": null,
            "ttl": 600,
            "type": "A",
            "zone_id": "57b325bd8e0b0adecead54c7deed7dcf"
          },
          "sensitive_attributes": [],
          "identity_schema_version": 0,
          "dependencies": [
            "cloudflare_zone.monikanova_com"
          ]
        }
      ]
    },
    {
      "mode": "managed",
      "type": "cloudflare_dns_record",
      "name": "a_ipv6",
      "provider": "provider[\"registry.terraform.io/cloudflare/cloudflare\"]",
      "instances": [
        {
          "index_key": "ipv6",
          "schema_version": 0,
          "attributes": {
            "comment": null,
            "comment_modified_on": null,
            "content": "2a01:71c0:3:1:118::f",
            "created_on": "2025-03-08T11:20:49Z",
            "data": null,
            "id": "0fa71bfdc64bd8406860267aa28780f0",
            "meta": "{}",
            "modified_on": "2025-03-08T11:20:49Z",
            "name": "ipv6",
            "priority": null,
            "proxiable": true,
            "proxied": false,
            "settings": {
              "flatten_cname": null,
              "ipv4_only": null,
              "ipv6_only": null
            },
            "tags": [],
            "tags_modified_on": null,
            "ttl": 600,
            "type": "AAAA",
            "zone_id": "57b325bd8e0b0adecead54c7deed7dcf"
          },
          "sensitive_attributes": [],
          "identity_schema_version": 0,
          "dependencies": [
            "cloudflare_zone.monikanova_com"
          ]
        },
        {
          "index_key": "mail",
          "schema_version": 0,
          "attributes": {
            "comment": null,
            "comment_modified_on": null,
            "content": "2a01:71c0:3:1:118::f",
            "created_on": "2025-03-08T11:20:49Z",
            "data": null,
            "id": "94e7bd182f02454ae0c64ff11d0026d6",
            "meta": "{}",
            "modified_on": "2025-03-08T11:20:49Z",
            "name": "mail",
            "priority": null,
            "proxiable": true,
            "proxied": false,
            "settings": {
              "flatten_cname": null,
              "ipv4_only": null,
              "ipv6_only": null
            },
            "tags": [],
            "tags_modified_on": null,
            "ttl": 600,
            "type": "AAAA",
            "zone_id": "57b325bd8e0b0adecead54c7deed7dcf"
          },
          "sensitive_attributes": [],
          "identity_schema_version": 0,
          "dependencies": [
            "cloudflare_zone.monikanova_com"
          ]
        },
        {
          "index_key": "webmail",
          "schema_version": 0,
          "attributes": {
            "comment": null,
            "comment_modified_on": null,
            "content": "2a01:71c0:3:1:118::f",
            "created_on": "2025-03-08T11:20:49Z",
            "data": null,
            "id": "40356f791cb60e96470e8fedf5afee24",
            "meta": "{}",
            "modified_on": "2025-03-08T11:20:49Z",
            "name": "webmail",
            "priority": null,
            "proxiable": true,
            "proxied": false,
            "settings": {
              "flatten_cname": null,
              "ipv4_only": null,
              "ipv6_only": null
            },
            "tags": [],
            "tags_modified_on": null,
            "ttl": 600,
            "type": "AAAA",
            "zone_id": "57b325bd8e0b0adecead54c7deed7dcf"
          },
          "sensitive_attributes": [],
          "identity_schema_version": 0,
          "dependencies": [
            "cloudflare_zone.monikanova_com"
          ]
        }
      ]
    },
    {
      "mode": "managed",
      "type": "cloudflare_dns_record",
      "name": "a_old",
      "provider": "provider[\"registry.terraform.io/cloudflare/cloudflare\"]",
      "instances": [
        {
          "index_key": "old",
          "schema_version": 0,
          "attributes": {
            "comment": null,
            "comment_modified_on": null,
            "content": "91.146.98.48",
            "created_on": "2025-08-31T08:45:15Z",
            "data": null,
            "id": "bcbe911607a70491fdb150f46ec95419",
            "meta": "{}",
            "modified_on": "2025-08-31T08:45:15Z",
            "name": "old",
            "priority": null,
            "proxiable": true,
            "proxied": false,
            "settings": {
              "flatten_cname": null,
              "ipv4_only": null,
              "ipv6_only": null
            },
            "tags": [],
            "tags_modified_on": null,
            "ttl": 600,
            "type": "A",
            "zone_id": "57b325bd8e0b0adecead54c7deed7dcf"
          },
          "sensitive_attributes": [],
          "identity_schema_version": 0,
          "dependencies": [
            "cloudflare_zone.monikanova_com"
          ]
        }
      ]
    },
    {
      "mode": "managed",
      "type": "cloudflare_dns_record",
      "name": "cname_abv_mail_monikanova",
      "provider": "provider[\"registry.terraform.io/cloudflare/cloudflare\"]",
      "instances": [
        {
          "schema_version": 0,
          "attributes": {
            "comment": null,
            "comment_modified_on": null,
            "content": "abv.bg",
            "created_on": "2026-01-20T16:41:19Z",
            "data": null,
            "id": "46c00f84513135cd883218bcc9a4c8a8",
            "meta": "{}",
            "modified_on": "2026-01-20T16:41:19Z",
            "name": "abv-765fdfb078daebae417d84701536.monikanova.com",
            "priority": null,
            "proxiable": true,
            "proxied": false,
            "settings": {
              "flatten_cname": false,
              "ipv4_only": null,
              "ipv6_only": null
            },
            "tags": [],
            "tags_modified_on": null,
            "ttl": 600,
            "type": "CNAME",
            "zone_id": "57b325bd8e0b0adecead54c7deed7dcf"
          },
          "sensitive_attributes": [],
          "identity_schema_version": 0,
          "dependencies": [
            "cloudflare_zone.monikanova_com"
          ]
        }
      ]
    },
    {
      "mode": "managed",
      "type": "cloudflare_dns_record",
      "name": "cname_mail_monikanova",
      "provider": "provider[\"registry.terraform.io/cloudflare/cloudflare\"]",
      "instances": [
        {
          "index_key": "pop",
          "schema_version": 0,
          "attributes": {
            "comment": null,
            "comment_modified_on": null,
            "content": "mail.monikanova.com",
            "created_on": "2025-03-08T11:17:55Z",
            "data": null,
            "id": "c35be8d8c8bc26429ba4186d3a07215d",
            "meta": "{}",
            "modified_on": "2025-03-08T11:17:55Z",
            "name": "pop",
            "priority": null,
            "proxiable": true,
            "proxied": false,
            "settings": {
              "flatten_cname": false,
              "ipv4_only": null,
              "ipv6_only": null
            },
            "tags": [],
            "tags_modified_on": null,
            "ttl": 600,
            "type": "CNAME",
            "zone_id": "57b325bd8e0b0adecead54c7deed7dcf"
          },
          "sensitive_attributes": [],
          "identity_schema_version": 0,
          "dependencies": [
            "cloudflare_zone.monikanova_com"
          ]
        },
        {
          "index_key": "smtp",
          "schema_version": 0,
          "attributes": {
            "comment": null,
            "comment_modified_on": null,
            "content": "mail.monikanova.com",
            "created_on": "2025-03-08T11:17:55Z",
            "data": null,
            "id": "744acc093bf8d52f9cb0e25e18d69275",
            "meta": "{}",
            "modified_on": "2025-03-08T11:17:55Z",
            "name": "smtp",
            "priority": null,
            "proxiable": true,
            "proxied": false,
            "settings": {
              "flatten_cname": false,
              "ipv4_only": null,
              "ipv6_only": null
            },
            "tags": [],
            "tags_modified_on": null,
            "ttl": 600,
            "type": "CNAME",
            "zone_id": "57b325bd8e0b0adecead54c7deed7dcf"
          },
          "sensitive_attributes": [],
          "identity_schema_version": 0,
          "dependencies": [
            "cloudflare_zone.monikanova_com"
          ]
        }
      ]
    },
    {
      "mode": "managed",
      "type": "cloudflare_dns_record",
      "name": "cname_monikanova",
      "provider": "provider[\"registry.terraform.io/cloudflare/cloudflare\"]",
      "instances": [
        {
          "index_key": "autoconfig",
          "schema_version": 0,
          "attributes": {
            "comment": null,
            "comment_modified_on": null,
            "content": "monikanova.netlify.app",
            "created_on": "2026-07-15T13:05:25Z",
            "data": null,
            "id": "c0bc6ff5e6c20c6b7d2224f5077d4690",
            "meta": "{}",
            "modified_on": "2026-07-17T20:18:42Z",
            "name": "autoconfig",
            "priority": null,
            "proxiable": true,
            "proxied": false,
            "settings": {
              "flatten_cname": false,
              "ipv4_only": null,
              "ipv6_only": null
            },
            "tags": [],
            "tags_modified_on": null,
            "ttl": 600,
            "type": "CNAME",
            "zone_id": "57b325bd8e0b0adecead54c7deed7dcf"
          },
          "sensitive_attributes": [],
          "identity_schema_version": 0,
          "dependencies": [
            "cloudflare_zone.monikanova_com"
          ]
        },
        {
          "index_key": "autodiscover",
          "schema_version": 0,
          "attributes": {
            "comment": null,
            "comment_modified_on": null,
            "content": "monikanova.netlify.app",
            "created_on": "2026-07-15T13:05:25Z",
            "data": null,
            "id": "a8bcaa33d97c54cdcbf8bb9b74cbc5fe",
            "meta": "{}",
            "modified_on": "2026-07-17T20:18:42Z",
            "name": "autodiscover",
            "priority": null,
            "proxiable": true,
            "proxied": false,
            "settings": {
              "flatten_cname": false,
              "ipv4_only": null,
              "ipv6_only": null
            },
            "tags": [],
            "tags_modified_on": null,
            "ttl": 600,
            "type": "CNAME",
            "zone_id": "57b325bd8e0b0adecead54c7deed7dcf"
          },
          "sensitive_attributes": [],
          "identity_schema_version": 0,
          "dependencies": [
            "cloudflare_zone.monikanova_com"
          ]
        },
        {
          "index_key": "lists",
          "schema_version": 0,
          "attributes": {
            "comment": null,
            "comment_modified_on": null,
            "content": "monikanova.netlify.app",
            "created_on": "2026-07-15T13:05:25Z",
            "data": null,
            "id": "3f5b70c50c7c7eabffe69517f9be6763",
            "meta": "{}",
            "modified_on": "2026-07-17T20:18:43Z",
            "name": "lists",
            "priority": null,
            "proxiable": true,
            "proxied": false,
            "settings": {
              "flatten_cname": false,
              "ipv4_only": null,
              "ipv6_only": null
            },
            "tags": [],
            "tags_modified_on": null,
            "ttl": 600,
            "type": "CNAME",
            "zone_id": "57b325bd8e0b0adecead54c7deed7dcf"
          },
          "sensitive_attributes": [],
          "identity_schema_version": 0,
          "dependencies": [
            "cloudflare_zone.monikanova_com"
          ]
        },
        {
          "index_key": "www",
          "schema_version": 0,
          "attributes": {
            "comment": null,
            "comment_modified_on": null,
            "content": "monikanova.netlify.app",
            "created_on": "2026-07-15T13:05:26Z",
            "data": null,
            "id": "755eb44544bc3e070be4c7485c3e7635",
            "meta": "{}",
            "modified_on": "2026-07-17T20:18:42Z",
            "name": "www",
            "priority": null,
            "proxiable": true,
            "proxied": false,
            "settings": {
              "flatten_cname": false,
              "ipv4_only": null,
              "ipv6_only": null
            },
            "tags": [],
            "tags_modified_on": null,
            "ttl": 600,
            "type": "CNAME",
            "zone_id": "57b325bd8e0b0adecead54c7deed7dcf"
          },
          "sensitive_attributes": [],
          "identity_schema_version": 0,
          "dependencies": [
            "cloudflare_zone.monikanova_com"
          ]
        }
      ]
    },
    {
      "mode": "managed",
      "type": "cloudflare_dns_record",
      "name": "mail",
      "provider": "provider[\"registry.terraform.io/cloudflare/cloudflare\"]",
      "instances": [
        {
          "index_key": "mail",
          "schema_version": 0,
          "attributes": {
            "comment": null,
            "comment_modified_on": null,
            "content": "91.146.98.48",
            "created_on": "2025-09-01T04:57:58Z",
            "data": null,
            "id": "66417e4b73c94e0498dca02dca15134d",
            "meta": "{}",
            "modified_on": "2025-09-01T04:57:58Z",
            "name": "mail",
            "priority": null,
            "proxiable": true,
            "proxied": false,
            "settings": {
              "flatten_cname": null,
              "ipv4_only": null,
              "ipv6_only": null
            },
            "tags": [],
            "tags_modified_on": null,
            "ttl": 600,
            "type": "A",
            "zone_id": "57b325bd8e0b0adecead54c7deed7dcf"
          },
          "sensitive_attributes": [],
          "identity_schema_version": 0,
          "dependencies": [
            "cloudflare_zone.monikanova_com"
          ]
        },
        {
          "index_key": "webmail",
          "schema_version": 0,
          "attributes": {
            "comment": null,
            "comment_modified_on": null,
            "content": "91.146.98.48",
            "created_on": "2025-09-01T04:57:58Z",
            "data": null,
            "id": "6f42cf221fa96b04caa51f7d5880a62d",
            "meta": "{}",
            "modified_on": "2025-09-01T04:57:58Z",
            "name": "webmail",
            "priority": null,
            "proxiable": true,
            "proxied": false,
            "settings": {
              "flatten_cname": null,
              "ipv4_only": null,
              "ipv6_only": null
            },
            "tags": [],
            "tags_modified_on": null,
            "ttl": 600,
            "type": "A",
            "zone_id": "57b325bd8e0b0adecead54c7deed7dcf"
          },
          "sensitive_attributes": [],
          "identity_schema_version": 0,
          "dependencies": [
            "cloudflare_zone.monikanova_com"
          ]
        }
      ]
    },
    {
      "mode": "managed",
      "type": "cloudflare_dns_record",
      "name": "monikanova",
      "provider": "provider[\"registry.terraform.io/cloudflare/cloudflare\"]",
      "instances": [
        {
          "schema_version": 0,
          "attributes": {
            "comment": "main record",
            "comment_modified_on": "2026-07-15T12:58:18Z",
            "content": "75.2.60.5",
            "created_on": "2026-07-15T12:58:18Z",
            "data": null,
            "id": "b108c535a1fe2ca9f103286fb5b33749",
            "meta": "{}",
            "modified_on": "2026-07-17T20:18:42Z",
            "name": "monikanova.com",
            "priority": null,
            "proxiable": true,
            "proxied": false,
            "settings": {
              "flatten_cname": null,
              "ipv4_only": null,
              "ipv6_only": null
            },
            "tags": [],
            "tags_modified_on": null,
            "ttl": 600,
            "type": "A",
            "zone_id": "57b325bd8e0b0adecead54c7deed7dcf"
          },
          "sensitive_attributes": [],
          "identity_schema_version": 0,
          "dependencies": [
            "cloudflare_zone.monikanova_com"
          ]
        }
      ]
    },
    {
      "mode": "managed",
      "type": "cloudflare_dns_record",
      "name": "mx_10",
      "provider": "provider[\"registry.terraform.io/cloudflare/cloudflare\"]",
      "instances": [
        {
          "schema_version": 0,
          "attributes": {
            "comment": null,
            "comment_modified_on": null,
            "content": "appsmx1.abv.bg",
            "created_on": "2025-03-08T11:17:54Z",
            "data": null,
            "id": "b5bddf702c10df9bb0ec928d08ab058a",
            "meta": "{}",
            "modified_on": "2026-01-20T16:41:19Z",
            "name": "@",
            "priority": 10,
            "proxiable": false,
            "proxied": false,
            "settings": {
              "flatten_cname": null,
              "ipv4_only": null,
              "ipv6_only": null
            },
            "tags": [],
            "tags_modified_on": null,
            "ttl": 600,
            "type": "MX",
            "zone_id": "57b325bd8e0b0adecead54c7deed7dcf"
          },
          "sensitive_attributes": [],
          "identity_schema_version": 0,
          "dependencies": [
            "cloudflare_zone.monikanova_com"
          ]
        }
      ]
    },
    {
      "mode": "managed",
      "type": "cloudflare_dns_record",
      "name": "mx_20",
      "provider": "provider[\"registry.terraform.io/cloudflare/cloudflare\"]",
      "instances": [
        {
          "schema_version": 0,
          "attributes": {
            "comment": null,
            "comment_modified_on": null,
            "content": "appsmx2.abv.bg",
            "created_on": "2025-03-08T11:17:55Z",
            "data": null,
            "id": "1b95595daf55f0605cb52de2f6a89cb1",
            "meta": "{}",
            "modified_on": "2026-01-20T16:41:19Z",
            "name": "@",
            "priority": 20,
            "proxiable": false,
            "proxied": false,
            "settings": {
              "flatten_cname": null,
              "ipv4_only": null,
              "ipv6_only": null
            },
            "tags": [],
            "tags_modified_on": null,
            "ttl": 600,
            "type": "MX",
            "zone_id": "57b325bd8e0b0adecead54c7deed7dcf"
          },
          "sensitive_attributes": [],
          "identity_schema_version": 0,
          "dependencies": [
            "cloudflare_zone.monikanova_com"
          ]
        }
      ]
    },
    {
      "mode": "managed",
      "type": "cloudflare_dns_record",
      "name": "txt_DMARC",
      "provider": "provider[\"registry.terraform.io/cloudflare/cloudflare\"]",
      "instances": [
        {
          "schema_version": 0,
          "attributes": {
            "comment": null,
            "comment_modified_on": null,
            "content": "\"v=DMARC1; p=none; adkim=r; aspf=r\"",
            "created_on": "2026-01-20T16:58:47Z",
            "data": null,
            "id": "896c6dbce793b0eb22751e9cf67d0ebc",
            "meta": "{}",
            "modified_on": "2026-01-20T16:58:47Z",
            "name": "_dmarc",
            "priority": null,
            "proxiable": false,
            "proxied": false,
            "settings": {
              "flatten_cname": null,
              "ipv4_only": null,
              "ipv6_only": null
            },
            "tags": [],
            "tags_modified_on": null,
            "ttl": 600,
            "type": "TXT",
            "zone_id": "57b325bd8e0b0adecead54c7deed7dcf"
          },
          "sensitive_attributes": [],
          "identity_schema_version": 0,
          "dependencies": [
            "cloudflare_zone.monikanova_com"
          ]
        }
      ]
    },
    {
      "mode": "managed",
      "type": "cloudflare_dns_record",
      "name": "txt_google",
      "provider": "provider[\"registry.terraform.io/cloudflare/cloudflare\"]",
      "instances": [
        {
          "schema_version": 0,
          "attributes": {
            "comment": null,
            "comment_modified_on": null,
            "content": "\"google-site-verification=l5L3hTNfoaApXXT4S--veOsB-_9ZZ7ECmktQsprg8Zg\"",
            "created_on": "2025-03-08T11:17:54Z",
            "data": null,
            "id": "e2a0ec5bba47795e46db6877c26d7764",
            "meta": "{}",
            "modified_on": "2025-03-08T11:29:26Z",
            "name": "@",
            "priority": null,
            "proxiable": false,
            "proxied": false,
            "settings": {
              "flatten_cname": null,
              "ipv4_only": null,
              "ipv6_only": null
            },
            "tags": [],
            "tags_modified_on": null,
            "ttl": 600,
            "type": "TXT",
            "zone_id": "57b325bd8e0b0adecead54c7deed7dcf"
          },
          "sensitive_attributes": [],
          "identity_schema_version": 0,
          "dependencies": [
            "cloudflare_zone.monikanova_com"
          ]
        }
      ]
    },
    {
      "mode": "managed",
      "type": "cloudflare_dns_record",
      "name": "txt_spf",
      "provider": "provider[\"registry.terraform.io/cloudflare/cloudflare\"]",
      "instances": [
        {
          "schema_version": 0,
          "attributes": {
            "comment": null,
            "comment_modified_on": null,
            "content": "\"v=spf1 ip4:194.153.145.0/24 ~all\"",
            "created_on": "2025-03-08T11:17:55Z",
            "data": null,
            "id": "a0d105e06addeea64ce3e2dd79fa362d",
            "meta": "{}",
            "modified_on": "2026-01-20T16:41:19Z",
            "name": "@",
            "priority": null,
            "proxiable": false,
            "proxied": false,
            "settings": {
              "flatten_cname": null,
              "ipv4_only": null,
              "ipv6_only": null
            },
            "tags": [],
            "tags_modified_on": null,
            "ttl": 600,
            "type": "TXT",
            "zone_id": "57b325bd8e0b0adecead54c7deed7dcf"
          },
          "sensitive_attributes": [],
          "identity_schema_version": 0,
          "dependencies": [
            "cloudflare_zone.monikanova_com"
          ]
        }
      ]
    },
    {
      "mode": "managed",
      "type": "cloudflare_zone",
      "name": "monikanova_com",
      "provider": "provider[\"registry.terraform.io/cloudflare/cloudflare\"]",
      "instances": [
        {
          "schema_version": 0,
          "attributes": {
            "account": {
              "id": "45ab53bf5ed4dfc7e2ff23829aea1c69"
            },
            "activated_on": "2025-03-08T12:26:59Z",
            "created_on": "2025-03-08T11:17:53Z",
            "development_mode": 0,
            "id": "57b325bd8e0b0adecead54c7deed7dcf",
            "meta": {
              "cdn_only": null,
              "custom_certificate_quota": 0,
              "dns_only": null,
              "foundation_dns": null,
              "page_rule_quota": 3,
              "phishing_detected": false,
              "step": 4
            },
            "modified_on": "2025-03-08T12:26:59Z",
            "name": "monikanova.com",
            "name_servers": [
              "jerome.ns.cloudflare.com",
              "ziggy.ns.cloudflare.com"
            ],
            "original_dnshost": null,
            "original_name_servers": [
              "ns1.grupoloading.com",
              "ns2.grupoloading.com",
              "ns3.grupoloading.com"
            ],
            "original_registrar": "grupo loading systems s.l. (id: 3853)",
            "owner": {
              "id": null,
              "name": null,
              "type": "user"
            },
            "paused": false,
            "status": "active",
            "type": "full",
            "vanity_name_servers": null,
            "verification_key": null
          },
          "sensitive_attributes": [],
          "identity_schema_version": 0
        }
      ]
    }
  ],
  "check_results": null
}
