{
  "version": 4,
  "terraform_version": "1.13.1",
  "serial": 64,
  "lineage": "236f8d91-c826-cbcf-4a49-cf0ec6f7e796",
  "outputs": {},
  "resources": [
    {
      "mode": "managed",
      "type": "cloudflare_dns_record",
      "name": "a_ipv4",
      "provider": "provider[\"registry.terraform.io/cloudflare/cloudflare\"]",
      "instances": [
        {
          "index_key": "ipv4",
          "schema_version": 0,
          "attributes": {
            "comment": null,
            "comment_modified_on": null,
            "content": "46.10.240.219",
            "created_on": "2025-03-08T11:17:54Z",
            "data": null,
            "id": "4c7474c44dcdb2f051d2490d56409a1a",
            "meta": "{}",
            "modified_on": "2025-08-31T08:43:32Z",
            "name": "ipv4",
            "priority": null,
            "proxiable": true,
            "proxied": false,
            "settings": {
              "flatten_cname": null,
              "ipv4_only": null,
              "ipv6_only": null
            },
            "tags": [],
            "tags_modified_on": null,
            "ttl": 600,
            "type": "A",
            "zone_id": "57b325bd8e0b0adecead54c7deed7dcf"
          },
          "sensitive_attributes": [],
          "identity_schema_version": 0,
          "dependencies": [
            "cloudflare_zone.monikanova_com"
          ]
        },
        {
          "index_key": "mail",
          "schema_version": 0,
          "attributes": {
            "comment": null,
            "comment_modified_on": null,
            "content": "46.10.240.219",
            "created_on": "2025-03-08T11:17:54Z",
            "data": null,
            "id": "8ae7856b19b94945c22f115b71d3ddb2",
            "meta": "{}",
            "modified_on": "2025-08-31T08:44:40Z",
            "name": "mail",
            "priority": null,
            "proxiable": true,
            "proxied": false,
            "settings": {
              "flatten_cname": null,
              "ipv4_only": null,
              "ipv6_only": null
            },
            "tags": [],
            "tags_modified_on": null,
            "ttl": 600,
            "type": "A",
            "zone_id": "57b325bd8e0b0adecead54c7deed7dcf"
          },
          "sensitive_attributes": [],
          "identity_schema_version": 0,
          "dependencies": [
            "cloudflare_zone.monikanova_com"
          ]
        },
        {
          "index_key": "webmail",
          "schema_version": 0,
          "attributes": {
            "comment": null,
            "comment_modified_on": null,
            "content": "46.10.240.219",
            "created_on": "2025-03-08T11:17:54Z",
            "data": null,
            "id": "82b6e97919297ef9c6ade2668b67d6a2",
            "meta": "{}",
            "modified_on": "2025-08-31T08:44:40Z",
            "name": "webmail",
            "priority": null,
            "proxiable": true,
            "proxied": false,
            "settings": {
              "flatten_cname": null,
              "ipv4_only": null,
              "ipv6_only": null
            },
            "tags": [],
            "tags_modified_on": null,
            "ttl": 600,
            "type": "A",
            "zone_id": "57b325bd8e0b0adecead54c7deed7dcf"
          },
          "sensitive_attributes": [],
          "identity_schema_version": 0,
          "dependencies": [
            "cloudflare_zone.monikanova_com"
          ]
        }
      ]
    },
    {
      "mode": "managed",
      "type": "cloudflare_dns_record",
      "name": "a_ipv6",
      "provider": "provider[\"registry.terraform.io/cloudflare/cloudflare\"]",
      "instances": [
        {
          "index_key": "ipv6",
          "schema_version": 0,
          "attributes": {
            "comment": null,
            "comment_modified_on": null,
            "content": "2a01:71c0:3:1:118::f",
            "created_on": "2025-03-08T11:20:49Z",
            "data": null,
            "id": "0fa71bfdc64bd8406860267aa28780f0",
            "meta": "{}",
            "modified_on": "2025-03-08T11:20:49Z",
            "name": "ipv6",
            "priority": null,
            "proxiable": true,
            "proxied": false,
            "settings": {
              "flatten_cname": null,
              "ipv4_only": null,
              "ipv6_only": null
            },
            "tags": [],
            "tags_modified_on": null,
            "ttl": 600,
            "type": "AAAA",
            "zone_id": "57b325bd8e0b0adecead54c7deed7dcf"
          },
          "sensitive_attributes": [],
          "identity_schema_version": 0,
          "dependencies": [
            "cloudflare_zone.monikanova_com"
          ]
        },
        {
          "index_key": "mail",
          "schema_version": 0,
          "attributes": {
            "comment": null,
            "comment_modified_on": null,
            "content": "2a01:71c0:3:1:118::f",
            "created_on": "2025-03-08T11:20:49Z",
            "data": null,
            "id": "94e7bd182f02454ae0c64ff11d0026d6",
            "meta": "{}",
            "modified_on": "2025-03-08T11:20:49Z",
            "name": "mail",
            "priority": null,
            "proxiable": true,
            "proxied": false,
            "settings": {
              "flatten_cname": null,
              "ipv4_only": null,
              "ipv6_only": null
            },
            "tags": [],
            "tags_modified_on": null,
            "ttl": 600,
            "type": "AAAA",
            "zone_id": "57b325bd8e0b0adecead54c7deed7dcf"
          },
          "sensitive_attributes": [],
          "identity_schema_version": 0,
          "dependencies": [
            "cloudflare_zone.monikanova_com"
          ]
        },
        {
          "index_key": "webmail",
          "schema_version": 0,
          "attributes": {
            "comment": null,
            "comment_modified_on": null,
            "content": "2a01:71c0:3:1:118::f",
            "created_on": "2025-03-08T11:20:49Z",
            "data": null,
            "id": "40356f791cb60e96470e8fedf5afee24",
            "meta": "{}",
            "modified_on": "2025-03-08T11:20:49Z",
            "name": "webmail",
            "priority": null,
            "proxiable": true,
            "proxied": false,
            "settings": {
              "flatten_cname": null,
              "ipv4_only": null,
              "ipv6_only": null
            },
            "tags": [],
            "tags_modified_on": null,
            "ttl": 600,
            "type": "AAAA",
            "zone_id": "57b325bd8e0b0adecead54c7deed7dcf"
          },
          "sensitive_attributes": [],
          "identity_schema_version": 0,
          "dependencies": [
            "cloudflare_zone.monikanova_com"
          ]
        }
      ]
    },
    {
      "mode": "managed",
      "type": "cloudflare_dns_record",
      "name": "a_old",
      "provider": "provider[\"registry.terraform.io/cloudflare/cloudflare\"]",
      "instances": [
        {
          "index_key": "old",
          "schema_version": 0,
          "attributes": {
            "comment": null,
            "comment_modified_on": null,
            "content": "91.146.98.48",
            "created_on": "2025-08-31T08:45:15Z",
            "data": null,
            "id": "bcbe911607a70491fdb150f46ec95419",
            "meta": "{}",
            "modified_on": "2025-08-31T08:45:15Z",
            "name": "old",
            "priority": null,
            "proxiable": true,
            "proxied": false,
            "settings": {
              "flatten_cname": null,
              "ipv4_only": null,
              "ipv6_only": null
            },
            "tags": [],
            "tags_modified_on": null,
            "ttl": 600,
            "type": "A",
            "zone_id": "57b325bd8e0b0adecead54c7deed7dcf"
          },
          "sensitive_attributes": [],
          "identity_schema_version": 0,
          "dependencies": [
            "cloudflare_zone.monikanova_com"
          ]
        }
      ]
    },
    {
      "mode": "managed",
      "type": "cloudflare_dns_record",
      "name": "cname_mail_monikanova",
      "provider": "provider[\"registry.terraform.io/cloudflare/cloudflare\"]",
      "instances": [
        {
          "index_key": "pop",
          "schema_version": 0,
          "attributes": {
            "comment": null,
            "comment_modified_on": null,
            "content": "mail.monikanova.com",
            "created_on": "2025-03-08T11:17:55Z",
            "data": null,
            "id": "c35be8d8c8bc26429ba4186d3a07215d",
            "meta": "{}",
            "modified_on": "2025-03-08T11:17:55Z",
            "name": "pop",
            "priority": null,
            "proxiable": true,
            "proxied": false,
            "settings": {
              "flatten_cname": false,
              "ipv4_only": null,
              "ipv6_only": null
            },
            "tags": [],
            "tags_modified_on": null,
            "ttl": 600,
            "type": "CNAME",
            "zone_id": "57b325bd8e0b0adecead54c7deed7dcf"
          },
          "sensitive_attributes": [],
          "identity_schema_version": 0,
          "dependencies": [
            "cloudflare_zone.monikanova_com"
          ]
        },
        {
          "index_key": "smtp",
          "schema_version": 0,
          "attributes": {
            "comment": null,
            "comment_modified_on": null,
            "content": "mail.monikanova.com",
            "created_on": "2025-03-08T11:17:55Z",
            "data": null,
            "id": "744acc093bf8d52f9cb0e25e18d69275",
            "meta": "{}",
            "modified_on": "2025-03-08T11:17:55Z",
            "name": "smtp",
            "priority": null,
            "proxiable": true,
            "proxied": false,
            "settings": {
              "flatten_cname": false,
              "ipv4_only": null,
              "ipv6_only": null
            },
            "tags": [],
            "tags_modified_on": null,
            "ttl": 600,
            "type": "CNAME",
            "zone_id": "57b325bd8e0b0adecead54c7deed7dcf"
          },
          "sensitive_attributes": [],
          "identity_schema_version": 0,
          "dependencies": [
            "cloudflare_zone.monikanova_com"
          ]
        }
      ]
    },
    {
      "mode": "managed",
      "type": "cloudflare_dns_record",
      "name": "cname_monikanova",
      "provider": "provider[\"registry.terraform.io/cloudflare/cloudflare\"]",
      "instances": [
        {
          "index_key": "autoconfig",
          "schema_version": 0,
          "attributes": {
            "comment": null,
            "comment_modified_on": null,
            "content": "monikanova.com",
            "created_on": "2025-03-08T11:17:55Z",
            "data": null,
            "id": "15f41acc9810cabbde4fb42498216a3d",
            "meta": "{}",
            "modified_on": "2025-03-08T11:17:55Z",
            "name": "autoconfig",
            "priority": null,
            "proxiable": true,
            "proxied": false,
            "settings": {
              "flatten_cname": false,
              "ipv4_only": null,
              "ipv6_only": null
            },
            "tags": [],
            "tags_modified_on": null,
            "ttl": 600,
            "type": "CNAME",
            "zone_id": "57b325bd8e0b0adecead54c7deed7dcf"
          },
          "sensitive_attributes": [],
          "identity_schema_version": 0,
          "dependencies": [
            "cloudflare_zone.monikanova_com"
          ]
        },
        {
          "index_key": "autodiscover",
          "schema_version": 0,
          "attributes": {
            "comment": null,
            "comment_modified_on": null,
            "content": "monikanova.com",
            "created_on": "2025-03-08T11:17:55Z",
            "data": null,
            "id": "b48c7bec6bfe915204c789648c00bb54",
            "meta": "{}",
            "modified_on": "2025-03-08T11:17:55Z",
            "name": "autodiscover",
            "priority": null,
            "proxiable": true,
            "proxied": false,
            "settings": {
              "flatten_cname": false,
              "ipv4_only": null,
              "ipv6_only": null
            },
            "tags": [],
            "tags_modified_on": null,
            "ttl": 600,
            "type": "CNAME",
            "zone_id": "57b325bd8e0b0adecead54c7deed7dcf"
          },
          "sensitive_attributes": [],
          "identity_schema_version": 0,
          "dependencies": [
            "cloudflare_zone.monikanova_com"
          ]
        },
        {
          "index_key": "ftp",
          "schema_version": 0,
          "attributes": {
            "comment": null,
            "comment_modified_on": null,
            "content": "monikanova.com",
            "created_on": "2025-03-08T11:17:55Z",
            "data": null,
            "id": "b5e1798bfc99a807d713854eb354d861",
            "meta": "{}",
            "modified_on": "2025-03-08T11:17:55Z",
            "name": "ftp",
            "priority": null,
            "proxiable": true,
            "proxied": false,
            "settings": {
              "flatten_cname": false,
              "ipv4_only": null,
              "ipv6_only": null
            },
            "tags": [],
            "tags_modified_on": null,
            "ttl": 600,
            "type": "CNAME",
            "zone_id": "57b325bd8e0b0adecead54c7deed7dcf"
          },
          "sensitive_attributes": [],
          "identity_schema_version": 0,
          "dependencies": [
            "cloudflare_zone.monikanova_com"
          ]
        },
        {
          "index_key": "lists",
          "schema_version": 0,
          "attributes": {
            "comment": null,
            "comment_modified_on": null,
            "content": "monikanova.com",
            "created_on": "2025-03-08T11:17:55Z",
            "data": null,
            "id": "07f6d65d4c0b5d7d58cf7661fcd70a04",
            "meta": "{}",
            "modified_on": "2025-03-08T11:17:55Z",
            "name": "lists",
            "priority": null,
            "proxiable": true,
            "proxied": false,
            "settings": {
              "flatten_cname": false,
              "ipv4_only": null,
              "ipv6_only": null
            },
            "tags": [],
            "tags_modified_on": null,
            "ttl": 600,
            "type": "CNAME",
            "zone_id": "57b325bd8e0b0adecead54c7deed7dcf"
          },
          "sensitive_attributes": [],
          "identity_schema_version": 0,
          "dependencies": [
            "cloudflare_zone.monikanova_com"
          ]
        },
        {
          "index_key": "www",
          "schema_version": 0,
          "attributes": {
            "comment": null,
            "comment_modified_on": null,
            "content": "monikanova.com",
            "created_on": "2025-03-08T11:17:55Z",
            "data": null,
            "id": "1820e921ccd2db5a63b82eb78616b8a4",
            "meta": "{}",
            "modified_on": "2025-03-08T11:17:55Z",
            "name": "www",
            "priority": null,
            "proxiable": true,
            "proxied": false,
            "settings": {
              "flatten_cname": false,
              "ipv4_only": null,
              "ipv6_only": null
            },
            "tags": [],
            "tags_modified_on": null,
            "ttl": 600,
            "type": "CNAME",
            "zone_id": "57b325bd8e0b0adecead54c7deed7dcf"
          },
          "sensitive_attributes": [],
          "identity_schema_version": 0,
          "dependencies": [
            "cloudflare_zone.monikanova_com"
          ]
        }
      ]
    },
    {
      "mode": "managed",
      "type": "cloudflare_dns_record",
      "name": "monikanova",
      "provider": "provider[\"registry.terraform.io/cloudflare/cloudflare\"]",
      "instances": [
        {
          "schema_version": 0,
          "attributes": {
            "comment": "main record",
            "comment_modified_on": "2025-03-08T17:12:35Z",
            "content": "46.10.240.219",
            "created_on": "2025-03-08T12:49:19Z",
            "data": null,
            "id": "b32a3df9acce4ab5cef70169787e4f88",
            "meta": "{}",
            "modified_on": "2025-08-31T08:40:08Z",
            "name": "monikanova.com",
            "priority": null,
            "proxiable": true,
            "proxied": false,
            "settings": {
              "flatten_cname": null,
              "ipv4_only": null,
              "ipv6_only": null
            },
            "tags": [],
            "tags_modified_on": null,
            "ttl": 600,
            "type": "A",
            "zone_id": "57b325bd8e0b0adecead54c7deed7dcf"
          },
          "sensitive_attributes": [],
          "identity_schema_version": 0,
          "dependencies": [
            "cloudflare_zone.monikanova_com"
          ]
        }
      ]
    },
    {
      "mode": "managed",
      "type": "cloudflare_dns_record",
      "name": "mx_10",
      "provider": "provider[\"registry.terraform.io/cloudflare/cloudflare\"]",
      "instances": [
        {
          "schema_version": 0,
          "attributes": {
            "comment": null,
            "comment_modified_on": null,
            "content": "mx1.loading.es.",
            "created_on": "2025-03-08T11:17:54Z",
            "data": null,
            "id": "b5bddf702c10df9bb0ec928d08ab058a",
            "meta": "{}",
            "modified_on": "2025-03-08T11:17:54Z",
            "name": "@",
            "priority": 10,
            "proxiable": false,
            "proxied": false,
            "settings": {
              "flatten_cname": null,
              "ipv4_only": null,
              "ipv6_only": null
            },
            "tags": [],
            "tags_modified_on": null,
            "ttl": 600,
            "type": "MX",
            "zone_id": "57b325bd8e0b0adecead54c7deed7dcf"
          },
          "sensitive_attributes": [],
          "identity_schema_version": 0,
          "dependencies": [
            "cloudflare_zone.monikanova_com"
          ]
        }
      ]
    },
    {
      "mode": "managed",
      "type": "cloudflare_dns_record",
      "name": "mx_20",
      "provider": "provider[\"registry.terraform.io/cloudflare/cloudflare\"]",
      "instances": [
        {
          "schema_version": 0,
          "attributes": {
            "comment": null,
            "comment_modified_on": null,
            "content": "mx2.loading.es.",
            "created_on": "2025-03-08T11:17:55Z",
            "data": null,
            "id": "1b95595daf55f0605cb52de2f6a89cb1",
            "meta": "{}",
            "modified_on": "2025-03-08T11:17:55Z",
            "name": "@",
            "priority": 20,
            "proxiable": false,
            "proxied": false,
            "settings": {
              "flatten_cname": null,
              "ipv4_only": null,
              "ipv6_only": null
            },
            "tags": [],
            "tags_modified_on": null,
            "ttl": 600,
            "type": "MX",
            "zone_id": "57b325bd8e0b0adecead54c7deed7dcf"
          },
          "sensitive_attributes": [],
          "identity_schema_version": 0,
          "dependencies": [
            "cloudflare_zone.monikanova_com"
          ]
        }
      ]
    },
    {
      "mode": "managed",
      "type": "cloudflare_dns_record",
      "name": "mx_30",
      "provider": "provider[\"registry.terraform.io/cloudflare/cloudflare\"]",
      "instances": [
        {
          "schema_version": 0,
          "attributes": {
            "comment": null,
            "comment_modified_on": null,
            "content": "mx3.loading.es.",
            "created_on": "2025-03-08T11:17:55Z",
            "data": null,
            "id": "ba91176a6702bda6244526f7cca25cd3",
            "meta": "{}",
            "modified_on": "2025-03-08T11:17:55Z",
            "name": "@",
            "priority": 30,
            "proxiable": false,
            "proxied": false,
            "settings": {
              "flatten_cname": null,
              "ipv4_only": null,
              "ipv6_only": null
            },
            "tags": [],
            "tags_modified_on": null,
            "ttl": 600,
            "type": "MX",
            "zone_id": "57b325bd8e0b0adecead54c7deed7dcf"
          },
          "sensitive_attributes": [],
          "identity_schema_version": 0,
          "dependencies": [
            "cloudflare_zone.monikanova_com"
          ]
        }
      ]
    },
    {
      "mode": "managed",
      "type": "cloudflare_dns_record",
      "name": "txt_DKIM1",
      "provider": "provider[\"registry.terraform.io/cloudflare/cloudflare\"]",
      "instances": [
        {
          "schema_version": 0,
          "attributes": {
            "comment": null,
            "comment_modified_on": null,
            "content": "\"v=DKIM1; p=MIIBIjANBgkqhkiG9w0BAQEFAAOCAQ8AMIIBCgKCAQEAx5t1fv22Wh7bIkMyJpWJ9tIAgkLICKAKBs8zy7I7qQKZhwAfhV6/OVvf90w19QrTnpWY9PPzgZ+4uc6tlraYAN61BYgfkk9/q6oaZbjZiEsshQLbSFlzYDG7mHPySrtmRuBFteqPytNxZ00pMMxEv63YO7ExNrtLtFHBxMGhY3gsleaphluocJZ8JpKpH7UbYzk8Cu0jNnkHQp5elIwUAARCiT60JE/G32/Q//dLKQBYFF3tRl7KbzkamLar1h/nWINlukJwfyVNweuTt8S1JA7jaM6Buh67c3eNu3ZgQGCN7XKIGWGaGJnK5xhTXoQnG8b+2tVyybk6VlQGBL2McQIDAQAB;\"",
            "created_on": "2025-03-08T11:17:54Z",
            "data": null,
            "id": "eeb469ad1a4bf7c6631d88091f202b2f",
            "meta": "{}",
            "modified_on": "2025-03-08T11:25:40Z",
            "name": "default._domainkey",
            "priority": null,
            "proxiable": false,
            "proxied": false,
            "settings": {
              "flatten_cname": null,
              "ipv4_only": null,
              "ipv6_only": null
            },
            "tags": [],
            "tags_modified_on": null,
            "ttl": 600,
            "type": "TXT",
            "zone_id": "57b325bd8e0b0adecead54c7deed7dcf"
          },
          "sensitive_attributes": [],
          "identity_schema_version": 0,
          "dependencies": [
            "cloudflare_zone.monikanova_com"
          ]
        }
      ]
    },
    {
      "mode": "managed",
      "type": "cloudflare_dns_record",
      "name": "txt_DMARC",
      "provider": "provider[\"registry.terraform.io/cloudflare/cloudflare\"]",
      "instances": [
        {
          "schema_version": 0,
          "attributes": {
            "comment": null,
            "comment_modified_on": null,
            "content": "\"v=DMARC1; p=quarantine; adkim=s; aspf=s\"",
            "created_on": "2025-03-08T11:17:54Z",
            "data": null,
            "id": "d5f864ba69a93821d8a3d4b62e41aaa5",
            "meta": "{}",
            "modified_on": "2025-03-08T11:29:26Z",
            "name": "_dmarc",
            "priority": null,
            "proxiable": false,
            "proxied": false,
            "settings": {
              "flatten_cname": null,
              "ipv4_only": null,
              "ipv6_only": null
            },
            "tags": [],
            "tags_modified_on": null,
            "ttl": 600,
            "type": "TXT",
            "zone_id": "57b325bd8e0b0adecead54c7deed7dcf"
          },
          "sensitive_attributes": [],
          "identity_schema_version": 0,
          "dependencies": [
            "cloudflare_zone.monikanova_com"
          ]
        }
      ]
    },
    {
      "mode": "managed",
      "type": "cloudflare_dns_record",
      "name": "txt_google",
      "provider": "provider[\"registry.terraform.io/cloudflare/cloudflare\"]",
      "instances": [
        {
          "schema_version": 0,
          "attributes": {
            "comment": null,
            "comment_modified_on": null,
            "content": "\"google-site-verification=l5L3hTNfoaApXXT4S--veOsB-_9ZZ7ECmktQsprg8Zg\"",
            "created_on": "2025-03-08T11:17:54Z",
            "data": null,
            "id": "e2a0ec5bba47795e46db6877c26d7764",
            "meta": "{}",
            "modified_on": "2025-03-08T11:29:26Z",
            "name": "@",
            "priority": null,
            "proxiable": false,
            "proxied": false,
            "settings": {
              "flatten_cname": null,
              "ipv4_only": null,
              "ipv6_only": null
            },
            "tags": [],
            "tags_modified_on": null,
            "ttl": 600,
            "type": "TXT",
            "zone_id": "57b325bd8e0b0adecead54c7deed7dcf"
          },
          "sensitive_attributes": [],
          "identity_schema_version": 0,
          "dependencies": [
            "cloudflare_zone.monikanova_com"
          ]
        }
      ]
    },
    {
      "mode": "managed",
      "type": "cloudflare_dns_record",
      "name": "txt_o",
      "provider": "provider[\"registry.terraform.io/cloudflare/cloudflare\"]",
      "instances": [
        {
          "schema_version": 0,
          "attributes": {
            "comment": null,
            "comment_modified_on": null,
            "content": "\"o=-\"",
            "created_on": "2025-03-08T11:17:54Z",
            "data": null,
            "id": "fdec860ef26ea7e9efbb1e0defcbdce0",
            "meta": "{}",
            "modified_on": "2025-03-08T11:29:26Z",
            "name": "_domainkey",
            "priority": null,
            "proxiable": false,
            "proxied": false,
            "settings": {
              "flatten_cname": null,
              "ipv4_only": null,
              "ipv6_only": null
            },
            "tags": [],
            "tags_modified_on": null,
            "ttl": 600,
            "type": "TXT",
            "zone_id": "57b325bd8e0b0adecead54c7deed7dcf"
          },
          "sensitive_attributes": [],
          "identity_schema_version": 0,
          "dependencies": [
            "cloudflare_zone.monikanova_com"
          ]
        }
      ]
    },
    {
      "mode": "managed",
      "type": "cloudflare_dns_record",
      "name": "txt_spf",
      "provider": "provider[\"registry.terraform.io/cloudflare/cloudflare\"]",
      "instances": [
        {
          "schema_version": 0,
          "attributes": {
            "comment": null,
            "comment_modified_on": null,
            "content": "\"v=spf1 include:_spf.loading.es -all\"",
            "created_on": "2025-03-08T11:17:55Z",
            "data": null,
            "id": "a0d105e06addeea64ce3e2dd79fa362d",
            "meta": "{}",
            "modified_on": "2025-03-08T11:29:26Z",
            "name": "@",
            "priority": null,
            "proxiable": false,
            "proxied": false,
            "settings": {
              "flatten_cname": null,
              "ipv4_only": null,
              "ipv6_only": null
            },
            "tags": [],
            "tags_modified_on": null,
            "ttl": 600,
            "type": "TXT",
            "zone_id": "57b325bd8e0b0adecead54c7deed7dcf"
          },
          "sensitive_attributes": [],
          "identity_schema_version": 0,
          "dependencies": [
            "cloudflare_zone.monikanova_com"
          ]
        }
      ]
    },
    {
      "mode": "managed",
      "type": "cloudflare_zone",
      "name": "monikanova_com",
      "provider": "provider[\"registry.terraform.io/cloudflare/cloudflare\"]",
      "instances": [
        {
          "schema_version": 0,
          "attributes": {
            "account": {
              "id": "45ab53bf5ed4dfc7e2ff23829aea1c69"
            },
            "activated_on": "2025-03-08T12:26:59Z",
            "created_on": "2025-03-08T11:17:53Z",
            "development_mode": 0,
            "id": "57b325bd8e0b0adecead54c7deed7dcf",
            "meta": {
              "cdn_only": null,
              "custom_certificate_quota": 0,
              "dns_only": null,
              "foundation_dns": null,
              "page_rule_quota": 3,
              "phishing_detected": false,
              "step": 4
            },
            "modified_on": "2025-03-08T12:26:59Z",
            "name": "monikanova.com",
            "name_servers": [
              "jerome.ns.cloudflare.com",
              "ziggy.ns.cloudflare.com"
            ],
            "original_dnshost": null,
            "original_name_servers": [
              "ns1.grupoloading.com",
              "ns2.grupoloading.com",
              "ns3.grupoloading.com"
            ],
            "original_registrar": "grupo loading systems s.l. (id: 3853)",
            "owner": {
              "id": null,
              "name": null,
              "type": "user"
            },
            "paused": false,
            "status": "active",
            "type": "full",
            "vanity_name_servers": null,
            "verification_key": null
          },
          "sensitive_attributes": [],
          "identity_schema_version": 0
        }
      ]
    }
  ],
  "check_results": null
}
